
Microsoft Visual Studio Solution File, Format Version 12.00
# Visual Studio Version 17
VisualStudioVersion = 17.0.31717.71
MinimumVisualStudioVersion = 10.0.40219.1
Project("{FAE04EC0-301F-11D3-BF4B-00C04F79EFBC}") = "CompressionDetectingStream", "CompressionDetectingStream\CompressionDetectingStream.csproj", "{FA39AD04-3A4E-4151-B160-6DDBB7D3EA1A}"
EndProject
Project("{FAE04EC0-301F-11D3-BF4B-00C04F79EFBC}") = "CompressionDetectingStream.Tests", "CompressionDetectingStream.Tests\CompressionDetectingStream.Tests.csproj", "{9E4A81B0-FB51-4C37-9602-AF9B6928A8F9}"
EndProject
Global
	GlobalSection(SolutionConfigurationPlatforms) = preSolution
		Debug|Any CPU = Debug|Any CPU
		Release|Any CPU = Release|Any CPU
	EndGlobalSection
	GlobalSection(ProjectConfigurationPlatforms) = postSolution
		{FA39AD04-3A4E-4151-B160-6DDBB7D3EA1A}.Debug|Any CPU.ActiveCfg = Debug|Any CPU
		{FA39AD04-3A4E-4151-B160-6DDBB7D3EA1A}.Debug|Any CPU.Build.0 = Debug|Any CPU
		{FA39AD04-3A4E-4151-B160-6DDBB7D3EA1A}.Release|Any CPU.ActiveCfg = Release|Any CPU
		{FA39AD04-3A4E-4151-B160-6DDBB7D3EA1A}.Release|Any CPU.Build.0 = Release|Any CPU
		{9E4A81B0-FB51-4C37-9602-AF9B6928A8F9}.Debug|Any CPU.ActiveCfg = Debug|Any CPU
		{9E4A81B0-FB51-4C37-9602-AF9B6928A8F9}.Debug|Any CPU.Build.0 = Debug|Any CPU
		{9E4A81B0-FB51-4C37-9602-AF9B6928A8F9}.Release|Any CPU.ActiveCfg = Release|Any CPU
		{9E4A81B0-FB51-4C37-9602-AF9B6928A8F9}.Release|Any CPU.Build.0 = Release|Any CPU
	EndGlobalSection
	GlobalSection(SolutionProperties) = preSolution
		HideSolutionNode = FALSE
	EndGlobalSection
	GlobalSection(ExtensibilityGlobals) = postSolution
		SolutionGuid = {FD8567FF-5AE0-439D-823A-0FC55B8D62ED}
	EndGlobalSection
EndGlobal
